
Microsoft Visual Studio Solution File, Format Version 12.00
# Visual Studio Version 17
VisualStudioVersion = 17.10.35027.167
MinimumVisualStudioVersion = 10.0.40219.1
Project("{FAE04EC0-301F-11D3-BF4B-00C04F79EFBC}") = "GettingIntoSourceControl", "GettingIntoSourceControl\GettingIntoSourceControl.csproj", "{DFC596D6-314B-4423-B15A-3FC4AE9F73DA}"
EndProject
Global
	GlobalSection(SolutionConfigurationPlatforms) = preSolution
		Debug|Any CPU = Debug|Any CPU
		Release|Any CPU = Release|Any CPU
	EndGlobalSection
	GlobalSection(ProjectConfigurationPlatforms) = postSolution
		{DFC596D6-314B-4423-B15A-3FC4AE9F73DA}.Debug|Any CPU.ActiveCfg = Debug|Any CPU
		{DFC596D6-314B-4423-B15A-3FC4AE9F73DA}.Debug|Any CPU.Build.0 = Debug|Any CPU
		{DFC596D6-314B-4423-B15A-3FC4AE9F73DA}.Release|Any CPU.ActiveCfg = Release|Any CPU
		{DFC596D6-314B-4423-B15A-3FC4AE9F73DA}.Release|Any CPU.Build.0 = Release|Any CPU
	EndGlobalSection
	GlobalSection(SolutionProperties) = preSolution
		HideSolutionNode = FALSE
	EndGlobalSection
	GlobalSection(ExtensibilityGlobals) = postSolution
		SolutionGuid = {E75DA69E-021E-47D2-8B11-3B82FDF3C79D}
	EndGlobalSection
EndGlobal
